<?xml version="1.0" encoding="utf-8"?>
<Project ToolsVersion="4.0" xmlns="http://schemas.microsoft.com/developer/msbuild/2003">
  <ItemGroup>
    <Filter Include="Source Files">
      <UniqueIdentifier>{4FC737F1-C7A5-4376-A066-2A32D752A2FF}</UniqueIdentifier>
      <Extensions>cpp;c;cc;cxx;c++;cppm;ixx;def;odl;idl;hpj;bat;asm;asmx</Extensions>
    </Filter>
    <Filter Include="Header Files">
      <UniqueIdentifier>{93995380-89BD-4b04-88EB-625FBE52EBFB}</UniqueIdentifier>
      <Extensions>h;hh;hpp;hxx;h++;hm;inl;inc;ipp;xsd</Extensions>
    </Filter>
    <Filter Include="Resource Files">
      <UniqueIdentifier>{67DA6AB6-F800-4c08-8B7A-83BB121AAD01}</UniqueIdentifier>
      <Extensions>rc;ico;cur;bmp;dlg;rc2;rct;bin;rgs;gif;jpg;jpeg;jpe;resx;tiff;tif;png;wav;mfcribbon-ms</Extensions>
    </Filter>
    <Filter Include="Header Files\GZCOM">
      <UniqueIdentifier>{5d77d34b-838a-4232-bd7d-3bfea48022e9}</UniqueIdentifier>
    </Filter>
    <Filter Include="Source Files\GZCOM">
      <UniqueIdentifier>{d01c4d03-356b-47da-b086-dcdb7fa393e6}</UniqueIdentifier>
    </Filter>
    <Filter Include="Header Files\cheat-list-commands">
      <UniqueIdentifier>{174767dd-b0c5-4985-8633-0f23823dbc87}</UniqueIdentifier>
    </Filter>
    <Filter Include="Source Files\cheat-list-commands">
      <UniqueIdentifier>{f866268a-fac0-4b36-bc73-b83b3c9edb8f}</UniqueIdentifier>
    </Filter>
  </ItemGroup>
  <ItemGroup>
    <ClInclude Include="Logger.h">
      <Filter>Header Files</Filter>
    </ClInclude>
    <ClInclude Include="version.h">
      <Filter>Header Files</Filter>
    </ClInclude>
    <ClInclude Include="..\vendor\gzcom-dll\include\cIGZFrameWork.h">
      <Filter>Header Files\GZCOM</Filter>
    </ClInclude>
    <ClInclude Include="..\vendor\gzcom-dll\include\cRZCOMDllDirector.h">
      <Filter>Header Files\GZCOM</Filter>
    </ClInclude>
    <ClInclude Include="resource.h">
      <Filter>Header Files</Filter>
    </ClInclude>
    <ClInclude Include="..\vendor\gzcom-dll\include\cIGZCmdLine.h">
      <Filter>Header Files\GZCOM</Filter>
    </ClInclude>
    <ClInclude Include="StringViewUtil.h">
      <Filter>Header Files</Filter>
    </ClInclude>
    <ClInclude Include="..\vendor\gzcom-dll\include\SC4CellRegion.h">
      <Filter>Header Files\GZCOM</Filter>
    </ClInclude>
    <ClInclude Include="..\vendor\gzcom-dll\include\cRZCellMap.h">
      <Filter>Header Files\GZCOM</Filter>
    </ClInclude>
    <ClInclude Include="cheat_list_commands\ICheatListCommand.h">
      <Filter>Header Files\cheat-list-commands</Filter>
    </ClInclude>
    <ClInclude Include="cheat_list_commands\CheatListCommandFactory.h">
      <Filter>Header Files\cheat-list-commands</Filter>
    </ClInclude>
    <ClInclude Include="cheat_list_commands\StringCheatListCommand.h">
      <Filter>Header Files\cheat-list-commands</Filter>
    </ClInclude>
    <ClInclude Include="cheat_list_commands\PlaceZoneCheatListCommand.h">
      <Filter>Header Files\cheat-list-commands</Filter>
    </ClInclude>
    <ClInclude Include="..\vendor\gzcom-dll\include\cISC4ZoneManager.h">
      <Filter>Header Files\GZCOM</Filter>
    </ClInclude>
  </ItemGroup>
  <ItemGroup>
    <ClCompile Include="Logger.cpp">
      <Filter>Source Files</Filter>
    </ClCompile>
    <ClCompile Include="..\vendor\gzcom-dll\src\cRZCOMDllDirector.cpp">
      <Filter>Source Files\GZCOM</Filter>
    </ClCompile>
    <ClCompile Include="..\vendor\gzcom-dll\src\cRZBaseString.cpp">
      <Filter>Source Files\GZCOM</Filter>
    </ClCompile>
    <ClCompile Include="AutoRunCheatsDllDirector.cpp">
      <Filter>Source Files</Filter>
    </ClCompile>
    <ClCompile Include="StringViewUtil.cpp">
      <Filter>Source Files</Filter>
    </ClCompile>
    <ClCompile Include="..\vendor\gzcom-dll\src\cRZCellMap.cpp">
      <Filter>Source Files\GZCOM</Filter>
    </ClCompile>
    <ClCompile Include="cheat_list_commands\PlaceZoneCheatListCommand.cpp">
      <Filter>Source Files\cheat-list-commands</Filter>
    </ClCompile>
    <ClCompile Include="cheat_list_commands\CheatListCommandFactory.cpp">
      <Filter>Source Files\cheat-list-commands</Filter>
    </ClCompile>
    <ClCompile Include="cheat_list_commands\StringCheatListCommand.cpp">
      <Filter>Source Files\cheat-list-commands</Filter>
    </ClCompile>
  </ItemGroup>
  <ItemGroup>
    <ResourceCompile Include="version.rc">
      <Filter>Resource Files</Filter>
    </ResourceCompile>
  </ItemGroup>
  <ItemGroup>
    <None Include=".editorconfig" />
    <None Include="IgnoredWords.dic" />
    <None Include="vcpkg.json" />
  </ItemGroup>
</Project>